
Microsoft Visual Studio Solution File, Format Version 12.00
# Visual Studio Version 16
VisualStudioVersion = 16.0.32413.511
MinimumVisualStudioVersion = 10.0.40219.1
Project("{FAE04EC0-301F-11D3-BF4B-00C04F79EFBC}") = "how they live in tokyo", "how they live in tokyo\how they live in tokyo.csproj", "{267131B0-6AEB-4FAF-A969-72A4341248D0}"
EndProject
Global
	GlobalSection(SolutionConfigurationPlatforms) = preSolution
		Debug|Any CPU = Debug|Any CPU
		Release|Any CPU = Release|Any CPU
	EndGlobalSection
	GlobalSection(ProjectConfigurationPlatforms) = postSolution
		{267131B0-6AEB-4FAF-A969-72A4341248D0}.Debug|Any CPU.ActiveCfg = Debug|Any CPU
		{267131B0-6AEB-4FAF-A969-72A4341248D0}.Debug|Any CPU.Build.0 = Debug|Any CPU
		{267131B0-6AEB-4FAF-A969-72A4341248D0}.Release|Any CPU.ActiveCfg = Release|Any CPU
		{267131B0-6AEB-4FAF-A969-72A4341248D0}.Release|Any CPU.Build.0 = Release|Any CPU
	EndGlobalSection
	GlobalSection(SolutionProperties) = preSolution
		HideSolutionNode = FALSE
	EndGlobalSection
	GlobalSection(ExtensibilityGlobals) = postSolution
		SolutionGuid = {2084FDF1-BD87-4540-84DE-D6C36460A175}
	EndGlobalSection
EndGlobal
